{
  "name": "pages",
  "lockfileVersion": 2,
  "requires": true,
  "packages": {
    "": {
      "name": "pages",
      "dependencies": {
        "cheerio": "^1.0.0-rc",
        "commonmark": "^0.29.1",
        "htmlparser2": "^4.1.0",
        "parse5": "^6.0.0",
        "parse5-html-rewriting-stream": "^6.0.0",
        "prettier": "^2.0.5"
      },
      "bin": {
        "pages": "pages.mjs"
      }
    },
    "node_modules/boolbase": {
      "version": "1.0.0",
      "resolved": "https://registry.npmjs.org/boolbase/-/boolbase-1.0.0.tgz",
      "integrity": "sha1-aN/1++YMUes3cl6p4+0xDcwed24="
    },
    "node_modules/cheerio": {
      "version": "1.0.0-rc.10",
      "resolved": "https://registry.npmjs.org/cheerio/-/cheerio-1.0.0-rc.10.tgz",
      "integrity": "sha512-g0J0q/O6mW8z5zxQ3A8E8J1hUgp4SMOvEoW/x84OwyHKe/Zccz83PVT4y5Crcr530FV6NgmKI1qvGTKVl9XXVw==",
      "dependencies": {
        "cheerio-select": "^1.5.0",
        "dom-serializer": "^1.3.2",
        "domhandler": "^4.2.0",
        "htmlparser2": "^6.1.0",
        "parse5": "^6.0.1",
        "parse5-htmlparser2-tree-adapter": "^6.0.1",
        "tslib": "^2.2.0"
      },
      "engines": {
        "node": ">= 6"
      },
      "funding": {
        "url": "https://github.com/cheeriojs/cheerio?sponsor=1"
      }
    },
    "node_modules/cheerio-select": {
      "version": "1.5.0",
      "resolved": "https://registry.npmjs.org/cheerio-select/-/cheerio-select-1.5.0.tgz",
      "integrity": "sha512-qocaHPv5ypefh6YNxvnbABM07KMxExbtbfuJoIie3iZXX1ERwYmJcIiRrr9H05ucQP1k28dav8rpdDgjQd8drg==",
      "dependencies": {
        "css-select": "^4.1.3",
        "css-what": "^5.0.1",
        "domelementtype": "^2.2.0",
        "domhandler": "^4.2.0",
        "domutils": "^2.7.0"
      },
      "funding": {
        "url": "https://github.com/sponsors/fb55"
      }
    },
    "node_modules/cheerio-select/node_modules/domhandler": {
      "version": "4.2.2",
      "resolved": "https://registry.npmjs.org/domhandler/-/domhandler-4.2.2.tgz",
      "integrity": "sha512-PzE9aBMsdZO8TK4BnuJwH0QT41wgMbRzuZrHUcpYncEjmQazq8QEaBWgLG7ZyC/DAZKEgglpIA6j4Qn/HmxS3w==",
      "dependencies": {
        "domelementtype": "^2.2.0"
      },
      "engines": {
        "node": ">= 4"
      },
      "funding": {
        "url": "https://github.com/fb55/domhandler?sponsor=1"
      }
    },
    "node_modules/cheerio/node_modules/domhandler": {
      "version": "4.2.2",
      "resolved": "https://registry.npmjs.org/domhandler/-/domhandler-4.2.2.tgz",
      "integrity": "sha512-PzE9aBMsdZO8TK4BnuJwH0QT41wgMbRzuZrHUcpYncEjmQazq8QEaBWgLG7ZyC/DAZKEgglpIA6j4Qn/HmxS3w==",
      "dependencies": {
        "domelementtype": "^2.2.0"
      },
      "engines": {
        "node": ">= 4"
      },
      "funding": {
        "url": "https://github.com/fb55/domhandler?sponsor=1"
      }
    },
    "node_modules/cheerio/node_modules/entities": {
      "version": "2.2.0",
      "resolved": "https://registry.npmjs.org/entities/-/entities-2.2.0.tgz",
      "integrity": "sha512-p92if5Nz619I0w+akJrLZH0MX0Pb5DX39XOwQTtXSdQQOaYH03S1uIQp4mhOZtAXrxq4ViO67YTiLBo2638o9A==",
      "funding": {
        "url": "https://github.com/fb55/entities?sponsor=1"
      }
    },
    "node_modules/cheerio/node_modules/htmlparser2": {
      "version": "6.1.0",
      "resolved": "https://registry.npmjs.org/htmlparser2/-/htmlparser2-6.1.0.tgz",
      "integrity": "sha512-gyyPk6rgonLFEDGoeRgQNaEUvdJ4ktTmmUh/h2t7s+M8oPpIPxgNACWa+6ESR57kXstwqPiCut0V8NRpcwgU7A==",
      "funding": [
        "https://github.com/fb55/htmlparser2?sponsor=1",
        {
          "type": "github",
          "url": "https://github.com/sponsors/fb55"
        }
      ],
      "dependencies": {
        "domelementtype": "^2.0.1",
        "domhandler": "^4.0.0",
        "domutils": "^2.5.2",
        "entities": "^2.0.0"
      }
    },
    "node_modules/commonmark": {
      "version": "0.29.1",
      "resolved": "https://registry.npmjs.org/commonmark/-/commonmark-0.29.1.tgz",
      "integrity": "sha512-DafPdNYFXoEhsSiR4O+dJ45UJBfDL4cBTks4B+agKiaWt7qjG0bIhg5xuCE0RqU71ikJcBIf4/sRHh9vYQVF8Q==",
      "dependencies": {
        "entities": "~1.1.1",
        "mdurl": "~1.0.1",
        "minimist": "~1.2.0",
        "string.prototype.repeat": "^0.2.0"
      }
    },
    "node_modules/css-select": {
      "version": "4.1.3",
      "resolved": "https://registry.npmjs.org/css-select/-/css-select-4.1.3.tgz",
      "integrity": "sha512-gT3wBNd9Nj49rAbmtFHj1cljIAOLYSX1nZ8CB7TBO3INYckygm5B7LISU/szY//YmdiSLbJvDLOx9VnMVpMBxA==",
      "dependencies": {
        "boolbase": "^1.0.0",
        "css-what": "^5.0.0",
        "domhandler": "^4.2.0",
        "domutils": "^2.6.0",
        "nth-check": "^2.0.0"
      },
      "funding": {
        "url": "https://github.com/sponsors/fb55"
      }
    },
    "node_modules/css-select/node_modules/domhandler": {
      "version": "4.2.2",
      "resolved": "https://registry.npmjs.org/domhandler/-/domhandler-4.2.2.tgz",
      "integrity": "sha512-PzE9aBMsdZO8TK4BnuJwH0QT41wgMbRzuZrHUcpYncEjmQazq8QEaBWgLG7ZyC/DAZKEgglpIA6j4Qn/HmxS3w==",
      "dependencies": {
        "domelementtype": "^2.2.0"
      },
      "engines": {
        "node": ">= 4"
      },
      "funding": {
        "url": "https://github.com/fb55/domhandler?sponsor=1"
      }
    },
    "node_modules/css-what": {
      "version": "5.0.1",
      "resolved": "https://registry.npmjs.org/css-what/-/css-what-5.0.1.tgz",
      "integrity": "sha512-FYDTSHb/7KXsWICVsxdmiExPjCfRC4qRFBdVwv7Ax9hMnvMmEjP9RfxTEZ3qPZGmADDn2vAKSo9UcN1jKVYscg==",
      "engines": {
        "node": ">= 6"
      },
      "funding": {
        "url": "https://github.com/sponsors/fb55"
      }
    },
    "node_modules/dom-serializer": {
      "version": "1.3.2",
      "resolved": "https://registry.npmjs.org/dom-serializer/-/dom-serializer-1.3.2.tgz",
      "integrity": "sha512-5c54Bk5Dw4qAxNOI1pFEizPSjVsx5+bpJKmL2kPn8JhBUq2q09tTCa3mjijun2NfK78NMouDYNMBkOrPZiS+ig==",
      "dependencies": {
        "domelementtype": "^2.0.1",
        "domhandler": "^4.2.0",
        "entities": "^2.0.0"
      },
      "funding": {
        "url": "https://github.com/cheeriojs/dom-serializer?sponsor=1"
      }
    },
    "node_modules/dom-serializer/node_modules/domhandler": {
      "version": "4.2.2",
      "resolved": "https://registry.npmjs.org/domhandler/-/domhandler-4.2.2.tgz",
      "integrity": "sha512-PzE9aBMsdZO8TK4BnuJwH0QT41wgMbRzuZrHUcpYncEjmQazq8QEaBWgLG7ZyC/DAZKEgglpIA6j4Qn/HmxS3w==",
      "dependencies": {
        "domelementtype": "^2.2.0"
      },
      "engines": {
        "node": ">= 4"
      },
      "funding": {
        "url": "https://github.com/fb55/domhandler?sponsor=1"
      }
    },
    "node_modules/dom-serializer/node_modules/entities": {
      "version": "2.2.0",
      "resolved": "https://registry.npmjs.org/entities/-/entities-2.2.0.tgz",
      "integrity": "sha512-p92if5Nz619I0w+akJrLZH0MX0Pb5DX39XOwQTtXSdQQOaYH03S1uIQp4mhOZtAXrxq4ViO67YTiLBo2638o9A==",
      "funding": {
        "url": "https://github.com/fb55/entities?sponsor=1"
      }
    },
    "node_modules/domelementtype": {
      "version": "2.2.0",
      "resolved": "https://registry.npmjs.org/domelementtype/-/domelementtype-2.2.0.tgz",
      "integrity": "sha512-DtBMo82pv1dFtUmHyr48beiuq792Sxohr+8Hm9zoxklYPfa6n0Z3Byjj2IV7bmr2IyqClnqEQhfgHJJ5QF0R5A==",
      "funding": [
        {
          "type": "github",
          "url": "https://github.com/sponsors/fb55"
        }
      ]
    },
    "node_modules/domhandler": {
      "version": "3.0.0",
      "resolved": "https://registry.npmjs.org/domhandler/-/domhandler-3.0.0.tgz",
      "integrity": "sha512-eKLdI5v9m67kbXQbJSNn1zjh0SDzvzWVWtX+qEI3eMjZw8daH9k8rlj1FZY9memPwjiskQFbe7vHVVJIAqoEhw==",
      "dependencies": {
        "domelementtype": "^2.0.1"
      }
    },
    "node_modules/domutils": {
      "version": "2.8.0",
      "resolved": "https://registry.npmjs.org/domutils/-/domutils-2.8.0.tgz",
      "integrity": "sha512-w96Cjofp72M5IIhpjgobBimYEfoPjx1Vx0BSX9P30WBdZW2WIKU0T1Bd0kz2eNZ9ikjKgHbEyKx8BB6H1L3h3A==",
      "dependencies": {
        "dom-serializer": "^1.0.1",
        "domelementtype": "^2.2.0",
        "domhandler": "^4.2.0"
      },
      "funding": {
        "url": "https://github.com/fb55/domutils?sponsor=1"
      }
    },
    "node_modules/domutils/node_modules/domhandler": {
      "version": "4.2.2",
      "resolved": "https://registry.npmjs.org/domhandler/-/domhandler-4.2.2.tgz",
      "integrity": "sha512-PzE9aBMsdZO8TK4BnuJwH0QT41wgMbRzuZrHUcpYncEjmQazq8QEaBWgLG7ZyC/DAZKEgglpIA6j4Qn/HmxS3w==",
      "dependencies": {
        "domelementtype": "^2.2.0"
      },
      "engines": {
        "node": ">= 4"
      },
      "funding": {
        "url": "https://github.com/fb55/domhandler?sponsor=1"
      }
    },
    "node_modules/entities": {
      "version": "1.1.2",
      "resolved": "https://registry.npmjs.org/entities/-/entities-1.1.2.tgz",
      "integrity": "sha512-f2LZMYl1Fzu7YSBKg+RoROelpOaNrcGmE9AZubeDfrCEia483oW4MI4VyFd5VNHIgQ/7qm1I0wUHK1eJnn2y2w=="
    },
    "node_modules/htmlparser2": {
      "version": "4.1.0",
      "resolved": "https://registry.npmjs.org/htmlparser2/-/htmlparser2-4.1.0.tgz",
      "integrity": "sha512-4zDq1a1zhE4gQso/c5LP1OtrhYTncXNSpvJYtWJBtXAETPlMfi3IFNjGuQbYLuVY4ZR0QMqRVvo4Pdy9KLyP8Q==",
      "dependencies": {
        "domelementtype": "^2.0.1",
        "domhandler": "^3.0.0",
        "domutils": "^2.0.0",
        "entities": "^2.0.0"
      }
    },
    "node_modules/htmlparser2/node_modules/entities": {
      "version": "2.0.2",
      "resolved": "https://registry.npmjs.org/entities/-/entities-2.0.2.tgz",
      "integrity": "sha512-dmD3AvJQBUjKpcNkoqr+x+IF0SdRtPz9Vk0uTy4yWqga9ibB6s4v++QFWNohjiUGoMlF552ZvNyXDxz5iW0qmw=="
    },
    "node_modules/mdurl": {
      "version": "1.0.1",
      "resolved": "https://registry.npmjs.org/mdurl/-/mdurl-1.0.1.tgz",
      "integrity": "sha1-/oWy7HWlkDfyrf7BAP1sYBdhFS4="
    },
    "node_modules/minimist": {
      "version": "1.2.6",
      "resolved": "https://registry.npmjs.org/minimist/-/minimist-1.2.6.tgz",
      "integrity": "sha512-Jsjnk4bw3YJqYzbdyBiNsPWHPfO++UGG749Cxs6peCu5Xg4nrena6OVxOYxrQTqww0Jmwt+Ref8rggumkTLz9Q=="
    },
    "node_modules/nth-check": {
      "version": "2.0.1",
      "resolved": "https://registry.npmjs.org/nth-check/-/nth-check-2.0.1.tgz",
      "integrity": "sha512-it1vE95zF6dTT9lBsYbxvqh0Soy4SPowchj0UBGj/V6cTPnXXtQOPUbhZ6CmGzAD/rW22LQK6E96pcdJXk4A4w==",
      "dependencies": {
        "boolbase": "^1.0.0"
      },
      "funding": {
        "url": "https://github.com/fb55/nth-check?sponsor=1"
      }
    },
    "node_modules/parse5": {
      "version": "6.0.1",
      "resolved": "https://registry.npmjs.org/parse5/-/parse5-6.0.1.tgz",
      "integrity": "sha512-Ofn/CTFzRGTTxwpNEs9PP93gXShHcTq255nzRYSKe8AkVpZY7e1fpmTfOyoIvjP5HG7Z2ZM7VS9PPhQGW2pOpw=="
    },
    "node_modules/parse5-html-rewriting-stream": {
      "version": "6.0.0",
      "resolved": "https://registry.npmjs.org/parse5-html-rewriting-stream/-/parse5-html-rewriting-stream-6.0.0.tgz",
      "integrity": "sha512-EpttDKEdTHp0ZSnvYZR1BVaPIc9H8UTx4zIRyybtOYObm0HjBPs9CHoD5+KfLV8+hOI4ZbdCRJXmRvKtxnJkqg==",
      "dependencies": {
        "parse5": "^6.0.0",
        "parse5-sax-parser": "^6.0.0"
      }
    },
    "node_modules/parse5-htmlparser2-tree-adapter": {
      "version": "6.0.1",
      "resolved": "https://registry.npmjs.org/parse5-htmlparser2-tree-adapter/-/parse5-htmlparser2-tree-adapter-6.0.1.tgz",
      "integrity": "sha512-qPuWvbLgvDGilKc5BoicRovlT4MtYT6JfJyBOMDsKoiT+GiuP5qyrPCnR9HcPECIJJmZh5jRndyNThnhhb/vlA==",
      "dependencies": {
        "parse5": "^6.0.1"
      }
    },
    "node_modules/parse5-sax-parser": {
      "version": "6.0.0",
      "resolved": "https://registry.npmjs.org/parse5-sax-parser/-/parse5-sax-parser-6.0.0.tgz",
      "integrity": "sha512-dgswEN0I3BoGLIKusgLHtYPwqGwg5lWiSGR2DZkQcq8VUXYLiKoAF8JE4xVd4Rb9H5PZLcvOixAau223dGcOsg==",
      "dependencies": {
        "parse5": "^6.0.0"
      }
    },
    "node_modules/prettier": {
      "version": "2.0.5",
      "resolved": "https://registry.npmjs.org/prettier/-/prettier-2.0.5.tgz",
      "integrity": "sha512-7PtVymN48hGcO4fGjybyBSIWDsLU4H4XlvOHfq91pz9kkGlonzwTfYkaIEwiRg/dAJF9YlbsduBAgtYLi+8cFg=="
    },
    "node_modules/string.prototype.repeat": {
      "version": "0.2.0",
      "resolved": "https://registry.npmjs.org/string.prototype.repeat/-/string.prototype.repeat-0.2.0.tgz",
      "integrity": "sha1-q6Nt4I3O5qWjN9SbLqHaGyj8Ds8="
    },
    "node_modules/tslib": {
      "version": "2.3.1",
      "resolved": "https://registry.npmjs.org/tslib/-/tslib-2.3.1.tgz",
      "integrity": "sha512-77EbyPPpMz+FRFRuAFlWMtmgUWGe9UOG2Z25NqCwiIjRhOf5iKGuzSe5P2w1laq+FkRy4p+PCuVkJSGkzTEKVw=="
    }
  },
  "dependencies": {
    "boolbase": {
      "version": "1.0.0",
      "resolved": "https://registry.npmjs.org/boolbase/-/boolbase-1.0.0.tgz",
      "integrity": "sha1-aN/1++YMUes3cl6p4+0xDcwed24="
    },
    "cheerio": {
      "version": "1.0.0-rc.10",
      "resolved": "https://registry.npmjs.org/cheerio/-/cheerio-1.0.0-rc.10.tgz",
      "integrity": "sha512-g0J0q/O6mW8z5zxQ3A8E8J1hUgp4SMOvEoW/x84OwyHKe/Zccz83PVT4y5Crcr530FV6NgmKI1qvGTKVl9XXVw==",
      "requires": {
        "cheerio-select": "^1.5.0",
        "dom-serializer": "^1.3.2",
        "domhandler": "^4.2.0",
        "htmlparser2": "^6.1.0",
        "parse5": "^6.0.1",
        "parse5-htmlparser2-tree-adapter": "^6.0.1",
        "tslib": "^2.2.0"
      },
      "dependencies": {
        "domhandler": {
          "version": "4.2.2",
          "resolved": "https://registry.npmjs.org/domhandler/-/domhandler-4.2.2.tgz",
          "integrity": "sha512-PzE9aBMsdZO8TK4BnuJwH0QT41wgMbRzuZrHUcpYncEjmQazq8QEaBWgLG7ZyC/DAZKEgglpIA6j4Qn/HmxS3w==",
          "requires": {
            "domelementtype": "^2.2.0"
          }
        },
        "entities": {
          "version": "2.2.0",
          "resolved": "https://registry.npmjs.org/entities/-/entities-2.2.0.tgz",
          "integrity": "sha512-p92if5Nz619I0w+akJrLZH0MX0Pb5DX39XOwQTtXSdQQOaYH03S1uIQp4mhOZtAXrxq4ViO67YTiLBo2638o9A=="
        },
        "htmlparser2": {
          "version": "6.1.0",
          "resolved": "https://registry.npmjs.org/htmlparser2/-/htmlparser2-6.1.0.tgz",
          "integrity": "sha512-gyyPk6rgonLFEDGoeRgQNaEUvdJ4ktTmmUh/h2t7s+M8oPpIPxgNACWa+6ESR57kXstwqPiCut0V8NRpcwgU7A==",
          "requires": {
            "domelementtype": "^2.0.1",
            "domhandler": "^4.0.0",
            "domutils": "^2.5.2",
            "entities": "^2.0.0"
          }
        }
      }
    },
    "cheerio-select": {
      "version": "1.5.0",
      "resolved": "https://registry.npmjs.org/cheerio-select/-/cheerio-select-1.5.0.tgz",
      "integrity": "sha512-qocaHPv5ypefh6YNxvnbABM07KMxExbtbfuJoIie3iZXX1ERwYmJcIiRrr9H05ucQP1k28dav8rpdDgjQd8drg==",
      "requires": {
        "css-select": "^4.1.3",
        "css-what": "^5.0.1",
        "domelementtype": "^2.2.0",
        "domhandler": "^4.2.0",
        "domutils": "^2.7.0"
      },
      "dependencies": {
        "domhandler": {
          "version": "4.2.2",
          "resolved": "https://registry.npmjs.org/domhandler/-/domhandler-4.2.2.tgz",
          "integrity": "sha512-PzE9aBMsdZO8TK4BnuJwH0QT41wgMbRzuZrHUcpYncEjmQazq8QEaBWgLG7ZyC/DAZKEgglpIA6j4Qn/HmxS3w==",
          "requires": {
            "domelementtype": "^2.2.0"
          }
        }
      }
    },
    "commonmark": {
      "version": "0.29.1",
      "resolved": "https://registry.npmjs.org/commonmark/-/commonmark-0.29.1.tgz",
      "integrity": "sha512-DafPdNYFXoEhsSiR4O+dJ45UJBfDL4cBTks4B+agKiaWt7qjG0bIhg5xuCE0RqU71ikJcBIf4/sRHh9vYQVF8Q==",
      "requires": {
        "entities": "~1.1.1",
        "mdurl": "~1.0.1",
        "minimist": "~1.2.0",
        "string.prototype.repeat": "^0.2.0"
      }
    },
    "css-select": {
      "version": "4.1.3",
      "resolved": "https://registry.npmjs.org/css-select/-/css-select-4.1.3.tgz",
      "integrity": "sha512-gT3wBNd9Nj49rAbmtFHj1cljIAOLYSX1nZ8CB7TBO3INYckygm5B7LISU/szY//YmdiSLbJvDLOx9VnMVpMBxA==",
      "requires": {
        "boolbase": "^1.0.0",
        "css-what": "^5.0.0",
        "domhandler": "^4.2.0",
        "domutils": "^2.6.0",
        "nth-check": "^2.0.0"
      },
      "dependencies": {
        "domhandler": {
          "version": "4.2.2",
          "resolved": "https://registry.npmjs.org/domhandler/-/domhandler-4.2.2.tgz",
          "integrity": "sha512-PzE9aBMsdZO8TK4BnuJwH0QT41wgMbRzuZrHUcpYncEjmQazq8QEaBWgLG7ZyC/DAZKEgglpIA6j4Qn/HmxS3w==",
          "requires": {
            "domelementtype": "^2.2.0"
          }
        }
      }
    },
    "css-what": {
      "version": "5.0.1",
      "resolved": "https://registry.npmjs.org/css-what/-/css-what-5.0.1.tgz",
      "integrity": "sha512-FYDTSHb/7KXsWICVsxdmiExPjCfRC4qRFBdVwv7Ax9hMnvMmEjP9RfxTEZ3qPZGmADDn2vAKSo9UcN1jKVYscg=="
    },
    "dom-serializer": {
      "version": "1.3.2",
      "resolved": "https://registry.npmjs.org/dom-serializer/-/dom-serializer-1.3.2.tgz",
      "integrity": "sha512-5c54Bk5Dw4qAxNOI1pFEizPSjVsx5+bpJKmL2kPn8JhBUq2q09tTCa3mjijun2NfK78NMouDYNMBkOrPZiS+ig==",
      "requires": {
        "domelementtype": "^2.0.1",
        "domhandler": "^4.2.0",
        "entities": "^2.0.0"
      },
      "dependencies": {
        "domhandler": {
          "version": "4.2.2",
          "resolved": "https://registry.npmjs.org/domhandler/-/domhandler-4.2.2.tgz",
          "integrity": "sha512-PzE9aBMsdZO8TK4BnuJwH0QT41wgMbRzuZrHUcpYncEjmQazq8QEaBWgLG7ZyC/DAZKEgglpIA6j4Qn/HmxS3w==",
          "requires": {
            "domelementtype": "^2.2.0"
          }
        },
        "entities": {
          "version": "2.2.0",
          "resolved": "https://registry.npmjs.org/entities/-/entities-2.2.0.tgz",
          "integrity": "sha512-p92if5Nz619I0w+akJrLZH0MX0Pb5DX39XOwQTtXSdQQOaYH03S1uIQp4mhOZtAXrxq4ViO67YTiLBo2638o9A=="
        }
      }
    },
    "domelementtype": {
      "version": "2.2.0",
      "resolved": "https://registry.npmjs.org/domelementtype/-/domelementtype-2.2.0.tgz",
      "integrity": "sha512-DtBMo82pv1dFtUmHyr48beiuq792Sxohr+8Hm9zoxklYPfa6n0Z3Byjj2IV7bmr2IyqClnqEQhfgHJJ5QF0R5A=="
    },
    "domhandler": {
      "version": "3.0.0",
      "resolved": "https://registry.npmjs.org/domhandler/-/domhandler-3.0.0.tgz",
      "integrity": "sha512-eKLdI5v9m67kbXQbJSNn1zjh0SDzvzWVWtX+qEI3eMjZw8daH9k8rlj1FZY9memPwjiskQFbe7vHVVJIAqoEhw==",
      "requires": {
        "domelementtype": "^2.0.1"
      }
    },
    "domutils": {
      "version": "2.8.0",
      "resolved": "https://registry.npmjs.org/domutils/-/domutils-2.8.0.tgz",
      "integrity": "sha512-w96Cjofp72M5IIhpjgobBimYEfoPjx1Vx0BSX9P30WBdZW2WIKU0T1Bd0kz2eNZ9ikjKgHbEyKx8BB6H1L3h3A==",
      "requires": {
        "dom-serializer": "^1.0.1",
        "domelementtype": "^2.2.0",
        "domhandler": "^4.2.0"
      },
      "dependencies": {
        "domhandler": {
          "version": "4.2.2",
          "resolved": "https://registry.npmjs.org/domhandler/-/domhandler-4.2.2.tgz",
          "integrity": "sha512-PzE9aBMsdZO8TK4BnuJwH0QT41wgMbRzuZrHUcpYncEjmQazq8QEaBWgLG7ZyC/DAZKEgglpIA6j4Qn/HmxS3w==",
          "requires": {
            "domelementtype": "^2.2.0"
          }
        }
      }
    },
    "entities": {
      "version": "1.1.2",
      "resolved": "https://registry.npmjs.org/entities/-/entities-1.1.2.tgz",
      "integrity": "sha512-f2LZMYl1Fzu7YSBKg+RoROelpOaNrcGmE9AZubeDfrCEia483oW4MI4VyFd5VNHIgQ/7qm1I0wUHK1eJnn2y2w=="
    },
    "htmlparser2": {
      "version": "4.1.0",
      "resolved": "https://registry.npmjs.org/htmlparser2/-/htmlparser2-4.1.0.tgz",
      "integrity": "sha512-4zDq1a1zhE4gQso/c5LP1OtrhYTncXNSpvJYtWJBtXAETPlMfi3IFNjGuQbYLuVY4ZR0QMqRVvo4Pdy9KLyP8Q==",
      "requires": {
        "domelementtype": "^2.0.1",
        "domhandler": "^3.0.0",
        "domutils": "^2.0.0",
        "entities": "^2.0.0"
      },
      "dependencies": {
        "entities": {
          "version": "2.0.2",
          "resolved": "https://registry.npmjs.org/entities/-/entities-2.0.2.tgz",
          "integrity": "sha512-dmD3AvJQBUjKpcNkoqr+x+IF0SdRtPz9Vk0uTy4yWqga9ibB6s4v++QFWNohjiUGoMlF552ZvNyXDxz5iW0qmw=="
        }
      }
    },
    "mdurl": {
      "version": "1.0.1",
      "resolved": "https://registry.npmjs.org/mdurl/-/mdurl-1.0.1.tgz",
      "integrity": "sha1-/oWy7HWlkDfyrf7BAP1sYBdhFS4="
    },
    "minimist": {
      "version": "1.2.6",
      "resolved": "https://registry.npmjs.org/minimist/-/minimist-1.2.6.tgz",
      "integrity": "sha512-Jsjnk4bw3YJqYzbdyBiNsPWHPfO++UGG749Cxs6peCu5Xg4nrena6OVxOYxrQTqww0Jmwt+Ref8rggumkTLz9Q=="
    },
    "nth-check": {
      "version": "2.0.1",
      "resolved": "https://registry.npmjs.org/nth-check/-/nth-check-2.0.1.tgz",
      "integrity": "sha512-it1vE95zF6dTT9lBsYbxvqh0Soy4SPowchj0UBGj/V6cTPnXXtQOPUbhZ6CmGzAD/rW22LQK6E96pcdJXk4A4w==",
      "requires": {
        "boolbase": "^1.0.0"
      }
    },
    "parse5": {
      "version": "6.0.1",
      "resolved": "https://registry.npmjs.org/parse5/-/parse5-6.0.1.tgz",
      "integrity": "sha512-Ofn/CTFzRGTTxwpNEs9PP93gXShHcTq255nzRYSKe8AkVpZY7e1fpmTfOyoIvjP5HG7Z2ZM7VS9PPhQGW2pOpw=="
    },
    "parse5-html-rewriting-stream": {
      "version": "6.0.0",
      "resolved": "https://registry.npmjs.org/parse5-html-rewriting-stream/-/parse5-html-rewriting-stream-6.0.0.tgz",
      "integrity": "sha512-EpttDKEdTHp0ZSnvYZR1BVaPIc9H8UTx4zIRyybtOYObm0HjBPs9CHoD5+KfLV8+hOI4ZbdCRJXmRvKtxnJkqg==",
      "requires": {
        "parse5": "^6.0.0",
        "parse5-sax-parser": "^6.0.0"
      }
    },
    "parse5-htmlparser2-tree-adapter": {
      "version": "6.0.1",
      "resolved": "https://registry.npmjs.org/parse5-htmlparser2-tree-adapter/-/parse5-htmlparser2-tree-adapter-6.0.1.tgz",
      "integrity": "sha512-qPuWvbLgvDGilKc5BoicRovlT4MtYT6JfJyBOMDsKoiT+GiuP5qyrPCnR9HcPECIJJmZh5jRndyNThnhhb/vlA==",
      "requires": {
        "parse5": "^6.0.1"
      }
    },
    "parse5-sax-parser": {
      "version": "6.0.0",
      "resolved": "https://registry.npmjs.org/parse5-sax-parser/-/parse5-sax-parser-6.0.0.tgz",
      "integrity": "sha512-dgswEN0I3BoGLIKusgLHtYPwqGwg5lWiSGR2DZkQcq8VUXYLiKoAF8JE4xVd4Rb9H5PZLcvOixAau223dGcOsg==",
      "requires": {
        "parse5": "^6.0.0"
      }
    },
    "prettier": {
      "version": "2.0.5",
      "resolved": "https://registry.npmjs.org/prettier/-/prettier-2.0.5.tgz",
      "integrity": "sha512-7PtVymN48hGcO4fGjybyBSIWDsLU4H4XlvOHfq91pz9kkGlonzwTfYkaIEwiRg/dAJF9YlbsduBAgtYLi+8cFg=="
    },
    "string.prototype.repeat": {
      "version": "0.2.0",
      "resolved": "https://registry.npmjs.org/string.prototype.repeat/-/string.prototype.repeat-0.2.0.tgz",
      "integrity": "sha1-q6Nt4I3O5qWjN9SbLqHaGyj8Ds8="
    },
    "tslib": {
      "version": "2.3.1",
      "resolved": "https://registry.npmjs.org/tslib/-/tslib-2.3.1.tgz",
      "integrity": "sha512-77EbyPPpMz+FRFRuAFlWMtmgUWGe9UOG2Z25NqCwiIjRhOf5iKGuzSe5P2w1laq+FkRy4p+PCuVkJSGkzTEKVw=="
    }
  }
}
